// !$*UTF8*$!
{
	archiveVersion = 1;
	classes = {
	};
	objectVersion = 50;
	objects = {

/* Begin PBXBuildFile section */
		E21D190E26585C2700D15F1C /* budgets.c in Sources */ = {isa = PBXBuildFile; fileRef = E21D190D26585C2700D15F1C /* budgets.c */; };
		E26CC031261BF0DF005F87DB /* user.c in Sources */ = {isa = PBXBuildFile; fileRef = E26CC030261BF0DF005F87DB /* user.c */; };
		E26CC035261BF29D005F87DB /* accounts.c in Sources */ = {isa = PBXBuildFile; fileRef = E26CC034261BF29D005F87DB /* accounts.c */; };
		E26CC039262214F6005F87DB /* utility.c in Sources */ = {isa = PBXBuildFile; fileRef = E26CC038262214F6005F87DB /* utility.c */; };
		E2DDE5A625E17D2800D5ABE7 /* main.c in Sources */ = {isa = PBXBuildFile; fileRef = E2DDE5A525E17D2800D5ABE7 /* main.c */; };
		E2DDE5B425EA9FD200D5ABE7 /* interface.c in Sources */ = {isa = PBXBuildFile; fileRef = E2DDE5B325EA9FD200D5ABE7 /* interface.c */; };
		E2DDE5B625EAB09D00D5ABE7 /* interface.h in Sources */ = {isa = PBXBuildFile; fileRef = E2DDE5B225EA9FD200D5ABE7 /* interface.h */; };
/* End PBXBuildFile section */

/* Begin PBXCopyFilesBuildPhase section */
		E2DDE5A025E17D2800D5ABE7 /* CopyFiles */ = {
			isa = PBXCopyFilesBuildPhase;
			buildActionMask = 2147483647;
			dstPath = /usr/share/man/man1/;
			dstSubfolderSpec = 0;
			files = (
			);
			runOnlyForDeploymentPostprocessing = 1;
		};
/* End PBXCopyFilesBuildPhase section */

/* Begin PBXFileReference section */
		E21D190C26585C2700D15F1C /* budgets.h */ = {isa = PBXFileReference; lastKnownFileType = sourcecode.c.h; path = budgets.h; sourceTree = "<group>"; };
		E21D190D26585C2700D15F1C /* budgets.c */ = {isa = PBXFileReference; lastKnownFileType = sourcecode.c.c; path = budgets.c; sourceTree = "<group>"; };
		E26CC02F261BF0DF005F87DB /* user.h */ = {isa = PBXFileReference; lastKnownFileType = sourcecode.c.h; path = user.h; sourceTree = "<group>"; };
		E26CC030261BF0DF005F87DB /* user.c */ = {isa = PBXFileReference; lastKnownFileType = sourcecode.c.c; path = user.c; sourceTree = "<group>"; };
		E26CC033261BF29D005F87DB /* accounts.h */ = {isa = PBXFileReference; lastKnownFileType = sourcecode.c.h; path = accounts.h; sourceTree = "<group>"; };
		E26CC034261BF29D005F87DB /* accounts.c */ = {isa = PBXFileReference; lastKnownFileType = sourcecode.c.c; path = accounts.c; sourceTree = "<group>"; };
		E26CC037262214F6005F87DB /* utility.h */ = {isa = PBXFileReference; lastKnownFileType = sourcecode.c.h; path = utility.h; sourceTree = "<group>"; };
		E26CC038262214F6005F87DB /* utility.c */ = {isa = PBXFileReference; lastKnownFileType = sourcecode.c.c; path = utility.c; sourceTree = "<group>"; };
		E2DDE5A225E17D2800D5ABE7 /* Fin2 */ = {isa = PBXFileReference; explicitFileType = "compiled.mach-o.executable"; includeInIndex = 0; path = Fin2; sourceTree = BUILT_PRODUCTS_DIR; };
		E2DDE5A525E17D2800D5ABE7 /* main.c */ = {isa = PBXFileReference; lastKnownFileType = sourcecode.c.c; path = main.c; sourceTree = "<group>"; };
		E2DDE5B225EA9FD200D5ABE7 /* interface.h */ = {isa = PBXFileReference; lastKnownFileType = sourcecode.c.h; path = interface.h; sourceTree = "<group>"; };
		E2DDE5B325EA9FD200D5ABE7 /* interface.c */ = {isa = PBXFileReference; lastKnownFileType = sourcecode.c.c; path = interface.c; sourceTree = "<group>"; };
/* End PBXFileReference section */

/* Begin PBXFrameworksBuildPhase section */
		E2DDE59F25E17D2800D5ABE7 /* Frameworks */ = {
			isa = PBXFrameworksBuildPhase;
			buildActionMask = 2147483647;
			files = (
			);
			runOnlyForDeploymentPostprocessing = 0;
		};
/* End PBXFrameworksBuildPhase section */

/* Begin PBXGroup section */
		E2DDE59925E17D2800D5ABE7 = {
			isa = PBXGroup;
			children = (
				E2DDE5A425E17D2800D5ABE7 /* Fin2 */,
				E2DDE5A325E17D2800D5ABE7 /* Products */,
			);
			sourceTree = "<group>";
		};
		E2DDE5A325E17D2800D5ABE7 /* Products */ = {
			isa = PBXGroup;
			children = (
				E2DDE5A225E17D2800D5ABE7 /* Fin2 */,
			);
			name = Products;
			sourceTree = "<group>";
		};
		E2DDE5A425E17D2800D5ABE7 /* Fin2 */ = {
			isa = PBXGroup;
			children = (
				E2DDE5A525E17D2800D5ABE7 /* main.c */,
				E2DDE5B225EA9FD200D5ABE7 /* interface.h */,
				E2DDE5B325EA9FD200D5ABE7 /* interface.c */,
				E26CC02F261BF0DF005F87DB /* user.h */,
				E21D190C26585C2700D15F1C /* budgets.h */,
				E21D190D26585C2700D15F1C /* budgets.c */,
				E26CC030261BF0DF005F87DB /* user.c */,
				E26CC037262214F6005F87DB /* utility.h */,
				E26CC038262214F6005F87DB /* utility.c */,
				E26CC033261BF29D005F87DB /* accounts.h */,
				E26CC034261BF29D005F87DB /* accounts.c */,
			);
			path = Fin2;
			sourceTree = "<group>";
		};
/* End PBXGroup section */

/* Begin PBXNativeTarget section */
		E2DDE5A125E17D2800D5ABE7 /* Fin2 */ = {
			isa = PBXNativeTarget;
			buildConfigurationList = E2DDE5A925E17D2800D5ABE7 /* Build configuration list for PBXNativeTarget "Fin2" */;
			buildPhases = (
				E2DDE59E25E17D2800D5ABE7 /* Sources */,
				E2DDE59F25E17D2800D5ABE7 /* Frameworks */,
				E2DDE5A025E17D2800D5ABE7 /* CopyFiles */,
			);
			buildRules = (
			);
			dependencies = (
			);
			name = Fin2;
			productName = Fin2;
			productReference = E2DDE5A225E17D2800D5ABE7 /* Fin2 */;
			productType = "com.apple.product-type.tool";
		};
/* End PBXNativeTarget section */

/* Begin PBXProject section */
		E2DDE59A25E17D2800D5ABE7 /* Project object */ = {
			isa = PBXProject;
			attributes = {
				LastUpgradeCheck = 1240;
				TargetAttributes = {
					E2DDE5A125E17D2800D5ABE7 = {
						CreatedOnToolsVersion = 12.3;
					};
				};
			};
			buildConfigurationList = E2DDE59D25E17D2800D5ABE7 /* Build configuration list for PBXProject "Fin2" */;
			compatibilityVersion = "Xcode 9.3";
			developmentRegion = en;
			hasScannedForEncodings = 0;
			knownRegions = (
				en,
				Base,
			);
			mainGroup = E2DDE59925E17D2800D5ABE7;
			productRefGroup = E2DDE5A325E17D2800D5ABE7 /* Products */;
			projectDirPath = "";
			projectRoot = "";
			targets = (
				E2DDE5A125E17D2800D5ABE7 /* Fin2 */,
			);
		};
/* End PBXProject section */

/* Begin PBXSourcesBuildPhase section */
		E2DDE59E25E17D2800D5ABE7 /* Sources */ = {
			isa = PBXSourcesBuildPhase;
			buildActionMask = 2147483647;
			files = (
				E26CC039262214F6005F87DB /* utility.c in Sources */,
				E2DDE5B625EAB09D00D5ABE7 /* interface.h in Sources */,
				E2DDE5A625E17D2800D5ABE7 /* main.c in Sources */,
				E21D190E26585C2700D15F1C /* budgets.c in Sources */,
				E26CC035261BF29D005F87DB /* accounts.c in Sources */,
				E26CC031261BF0DF005F87DB /* user.c in Sources */,
				E2DDE5B425EA9FD200D5ABE7 /* interface.c in Sources */,
			);
			runOnlyForDeploymentPostprocessing = 0;
		};
/* End PBXSourcesBuildPhase section */

/* Begin XCBuildConfiguration section */
		E2DDE5A725E17D2800D5ABE7 /* Debug */ = {
			isa = XCBuildConfiguration;
			buildSettings = {
				ALWAYS_SEARCH_USER_PATHS = NO;
				CLANG_ANALYZER_NONNULL = YES;
				CLANG_ANALYZER_NUMBER_OBJECT_CONVERSION = YES_AGGRESSIVE;
				CLANG_CXX_LANGUAGE_STANDARD = "gnu++14";
				CLANG_CXX_LIBRARY = "libc++";
				CLANG_ENABLE_MODULES = YES;
				CLANG_ENABLE_OBJC_ARC = YES;
				CLANG_ENABLE_OBJC_WEAK = YES;
				CLANG_WARN_BLOCK_CAPTURE_AUTORELEASING = YES;
				CLANG_WARN_BOOL_CONVERSION = YES;
				CLANG_WARN_COMMA = YES;
				CLANG_WARN_CONSTANT_CONVERSION = YES;
				CLANG_WARN_DEPRECATED_OBJC_IMPLEMENTATIONS = YES;
				CLANG_WARN_DIRECT_OBJC_ISA_USAGE = YES_ERROR;
				CLANG_WARN_DOCUMENTATION_COMMENTS = YES;
				CLANG_WARN_EMPTY_BODY = YES;
				CLANG_WARN_ENUM_CONVERSION = YES;
				CLANG_WARN_INFINITE_RECURSION = YES;
				CLANG_WARN_INT_CONVERSION = YES;
				CLANG_WARN_NON_LITERAL_NULL_CONVERSION = YES;
				CLANG_WARN_OBJC_IMPLICIT_RETAIN_SELF = YES;
				CLANG_WARN_OBJC_LITERAL_CONVERSION = YES;
				CLANG_WARN_OBJC_ROOT_CLASS = YES_ERROR;
				CLANG_WARN_QUOTED_INCLUDE_IN_FRAMEWORK_HEADER = YES;
				CLANG_WARN_RANGE_LOOP_ANALYSIS = YES;
				CLANG_WARN_STRICT_PROTOTYPES = YES;
				CLANG_WARN_SUSPICIOUS_MOVE = YES;
				CLANG_WARN_UNGUARDED_AVAILABILITY = YES_AGGRESSIVE;
				CLANG_WARN_UNREACHABLE_CODE = YES;
				CLANG_WARN__DUPLICATE_METHOD_MATCH = YES;
				COPY_PHASE_STRIP = NO;
				DEBUG_INFORMATION_FORMAT = dwarf;
				ENABLE_STRICT_OBJC_MSGSEND = YES;
				ENABLE_TESTABILITY = YES;
				GCC_C_LANGUAGE_STANDARD = gnu11;
				GCC_DYNAMIC_NO_PIC = NO;
				GCC_NO_COMMON_BLOCKS = YES;
				GCC_OPTIMIZATION_LEVEL = 0;
				GCC_PREPROCESSOR_DEFINITIONS = (
					"DEBUG=1",
					"$(inherited)",
				);
				GCC_WARN_64_TO_32_BIT_CONVERSION = YES;
				GCC_WARN_ABOUT_RETURN_TYPE = YES_ERROR;
				GCC_WARN_UNDECLARED_SELECTOR = YES;
				GCC_WARN_UNINITIALIZED_AUTOS = YES_AGGRESSIVE;
				GCC_WARN_UNUSED_FUNCTION = YES;
				GCC_WARN_UNUSED_VARIABLE = YES;
				MACOSX_DEPLOYMENT_TARGET = 10.15;
				MTL_ENABLE_DEBUG_INFO = INCLUDE_SOURCE;
				MTL_FAST_MATH = YES;
				ONLY_ACTIVE_ARCH = YES;
				SDKROOT = macosx;
			};
			name = Debug;
		};
		E2DDE5A825E17D2800D5ABE7 /* Release */ = {
			isa = XCBuildConfiguration;
			buildSettings = {
				ALWAYS_SEARCH_USER_PATHS = NO;
				CLANG_ANALYZER_NONNULL = YES;
				CLANG_ANALYZER_NUMBER_OBJECT_CONVERSION = YES_AGGRESSIVE;
				CLANG_CXX_LANGUAGE_STANDARD = "gnu++14";
				CLANG_CXX_LIBRARY = "libc++";
				CLANG_ENABLE_MODULES = YES;
				CLANG_ENABLE_OBJC_ARC = YES;
				CLANG_ENABLE_OBJC_WEAK = YES;
				CLANG_WARN_BLOCK_CAPTURE_AUTORELEASING = YES;
				CLANG_WARN_BOOL_CONVERSION = YES;
				CLANG_WARN_COMMA = YES;
				CLANG_WARN_CONSTANT_CONVERSION = YES;
				CLANG_WARN_DEPRECATED_OBJC_IMPLEMENTATIONS = YES;
				CLANG_WARN_DIRECT_OBJC_ISA_USAGE = YES_ERROR;
				CLANG_WARN_DOCUMENTATION_COMMENTS = YES;
				CLANG_WARN_EMPTY_BODY = YES;
				CLANG_WARN_ENUM_CONVERSION = YES;
				CLANG_WARN_INFINITE_RECURSION = YES;
				CLANG_WARN_INT_CONVERSION = YES;
				CLANG_WARN_NON_LITERAL_NULL_CONVERSION = YES;
				CLANG_WARN_OBJC_IMPLICIT_RETAIN_SELF = YES;
				CLANG_WARN_OBJC_LITERAL_CONVERSION = YES;
				CLANG_WARN_OBJC_ROOT_CLASS = YES_ERROR;
				CLANG_WARN_QUOTED_INCLUDE_IN_FRAMEWORK_HEADER = YES;
				CLANG_WARN_RANGE_LOOP_ANALYSIS = YES;
				CLANG_WARN_STRICT_PROTOTYPES = YES;
				CLANG_WARN_SUSPICIOUS_MOVE = YES;
				CLANG_WARN_UNGUARDED_AVAILABILITY = YES_AGGRESSIVE;
				CLANG_WARN_UNREACHABLE_CODE = YES;
				CLANG_WARN__DUPLICATE_METHOD_MATCH = YES;
				COPY_PHASE_STRIP = NO;
				DEBUG_INFORMATION_FORMAT = "dwarf-with-dsym";
				ENABLE_NS_ASSERTIONS = NO;
				ENABLE_STRICT_OBJC_MSGSEND = YES;
				GCC_C_LANGUAGE_STANDARD = gnu11;
				GCC_NO_COMMON_BLOCKS = YES;
				GCC_WARN_64_TO_32_BIT_CONVERSION = YES;
				GCC_WARN_ABOUT_RETURN_TYPE = YES_ERROR;
				GCC_WARN_UNDECLARED_SELECTOR = YES;
				GCC_WARN_UNINITIALIZED_AUTOS = YES_AGGRESSIVE;
				GCC_WARN_UNUSED_FUNCTION = YES;
				GCC_WARN_UNUSED_VARIABLE = YES;
				MACOSX_DEPLOYMENT_TARGET = 10.15;
				MTL_ENABLE_DEBUG_INFO = NO;
				MTL_FAST_MATH = YES;
				SDKROOT = macosx;
			};
			name = Release;
		};
		E2DDE5AA25E17D2800D5ABE7 /* Debug */ = {
			isa = XCBuildConfiguration;
			buildSettings = {
				CODE_SIGN_IDENTITY = "-";
				CODE_SIGN_STYLE = Automatic;
				PRODUCT_NAME = "$(TARGET_NAME)";
			};
			name = Debug;
		};
		E2DDE5AB25E17D2800D5ABE7 /* Release */ = {
			isa = XCBuildConfiguration;
			buildSettings = {
				CODE_SIGN_IDENTITY = "-";
				CODE_SIGN_STYLE = Automatic;
				PRODUCT_NAME = "$(TARGET_NAME)";
			};
			name = Release;
		};
/* End XCBuildConfiguration section */

/* Begin XCConfigurationList section */
		E2DDE59D25E17D2800D5ABE7 /* Build configuration list for PBXProject "Fin2" */ = {
			isa = XCConfigurationList;
			buildConfigurations = (
				E2DDE5A725E17D2800D5ABE7 /* Debug */,
				E2DDE5A825E17D2800D5ABE7 /* Release */,
			);
			defaultConfigurationIsVisible = 0;
			defaultConfigurationName = Release;
		};
		E2DDE5A925E17D2800D5ABE7 /* Build configuration list for PBXNativeTarget "Fin2" */ = {
			isa = XCConfigurationList;
			buildConfigurations = (
				E2DDE5AA25E17D2800D5ABE7 /* Debug */,
				E2DDE5AB25E17D2800D5ABE7 /* Release */,
			);
			defaultConfigurationIsVisible = 0;
			defaultConfigurationName = Release;
		};
/* End XCConfigurationList section */
	};
	rootObject = E2DDE59A25E17D2800D5ABE7 /* Project object */;
}
